
Microsoft Visual Studio Solution File, Format Version 12.00
# Visual Studio Version 16
VisualStudioVersion = 16.0.31729.503
MinimumVisualStudioVersion = 10.0.40219.1
Project("{FAE04EC0-301F-11D3-BF4B-00C04F79EFBC}") = "okulProje", "okulProje\okulProje.csproj", "{A3009C6C-23CA-4D2B-9027-9437C5A39103}"
EndProject
Global
	GlobalSection(SolutionConfigurationPlatforms) = preSolution
		Debug|Any CPU = Debug|Any CPU
		Release|Any CPU = Release|Any CPU
	EndGlobalSection
	GlobalSection(ProjectConfigurationPlatforms) = postSolution
		{A3009C6C-23CA-4D2B-9027-9437C5A39103}.Debug|Any CPU.ActiveCfg = Debug|Any CPU
		{A3009C6C-23CA-4D2B-9027-9437C5A39103}.Debug|Any CPU.Build.0 = Debug|Any CPU
		{A3009C6C-23CA-4D2B-9027-9437C5A39103}.Release|Any CPU.ActiveCfg = Release|Any CPU
		{A3009C6C-23CA-4D2B-9027-9437C5A39103}.Release|Any CPU.Build.0 = Release|Any CPU
	EndGlobalSection
	GlobalSection(SolutionProperties) = preSolution
		HideSolutionNode = FALSE
	EndGlobalSection
	GlobalSection(ExtensibilityGlobals) = postSolution
		SolutionGuid = {1A416A7E-C3DD-40E9-9763-9EF58B645955}
	EndGlobalSection
EndGlobal
